// !$*UTF8*$!
{
	archiveVersion = 1;
	classes = {
	};
	objectVersion = 51;
	objects = {

/* Begin PBXBuildFile section */
		716BB4A2E3EFE440066057E0 /* Pods_MovieDBMVP.framework in Frameworks */ = {isa = PBXBuildFile; fileRef = 346B8D4168F469050E61B084 /* Pods_MovieDBMVP.framework */; };
		884C6268565B09B5CD171D39 /* Pods_MovieDBMVP_MovieDBMVPUITests.framework in Frameworks */ = {isa = PBXBuildFile; fileRef = 00F733FB3DB355F09791C1A7 /* Pods_MovieDBMVP_MovieDBMVPUITests.framework */; };
		C10730DB24DC22860096582B /* GenreMovieCollectionViewCell.swift in Sources */ = {isa = PBXBuildFile; fileRef = C10730D924DC22860096582B /* GenreMovieCollectionViewCell.swift */; };
		C10730DC24DC22860096582B /* GenreMovieCollectionViewCell.xib in Resources */ = {isa = PBXBuildFile; fileRef = C10730DA24DC22860096582B /* GenreMovieCollectionViewCell.xib */; };
		C10730DF24DC23470096582B /* MovieCellView.swift in Sources */ = {isa = PBXBuildFile; fileRef = C10730DE24DC23470096582B /* MovieCellView.swift */; };
		C10730E124DC236C0096582B /* MovieCellView.xib in Resources */ = {isa = PBXBuildFile; fileRef = C10730E024DC236C0096582B /* MovieCellView.xib */; };
		C10730E324DC3CCF0096582B /* genreList.json in Resources */ = {isa = PBXBuildFile; fileRef = C10730E224DC3CCF0096582B /* genreList.json */; };
		C137D64F24D8798100453AB5 /* CustomClass.swift in Sources */ = {isa = PBXBuildFile; fileRef = C137D64E24D8798100453AB5 /* CustomClass.swift */; };
		C13D7CB824D9399F00882F9B /* GenreVO.swift in Sources */ = {isa = PBXBuildFile; fileRef = C13D7CB724D9399F00882F9B /* GenreVO.swift */; };
		C13D7CBA24D93CB500882F9B /* GenreMovieVO.swift in Sources */ = {isa = PBXBuildFile; fileRef = C13D7CB924D93CB500882F9B /* GenreMovieVO.swift */; };
		C13D7CBC24D93D2A00882F9B /* MovieCastDetailVO.swift in Sources */ = {isa = PBXBuildFile; fileRef = C13D7CBB24D93D2A00882F9B /* MovieCastDetailVO.swift */; };
		C13D7CBE24D93D4C00882F9B /* MovieCastDetailResponse.swift in Sources */ = {isa = PBXBuildFile; fileRef = C13D7CBD24D93D4C00882F9B /* MovieCastDetailResponse.swift */; };
		C13D7CC024D93DC200882F9B /* Enums.swift in Sources */ = {isa = PBXBuildFile; fileRef = C13D7CBF24D93DC200882F9B /* Enums.swift */; };
		C13D7CC224D956BB00882F9B /* MovieCreditResponse.swift in Sources */ = {isa = PBXBuildFile; fileRef = C13D7CC124D956BB00882F9B /* MovieCreditResponse.swift */; };
		C13D7CC424D956EA00882F9B /* MovieCastVO.swift in Sources */ = {isa = PBXBuildFile; fileRef = C13D7CC324D956EA00882F9B /* MovieCastVO.swift */; };
		C13D7CC624D9570700882F9B /* MovieCrewVO.swift in Sources */ = {isa = PBXBuildFile; fileRef = C13D7CC524D9570700882F9B /* MovieCrewVO.swift */; };
		C13D7CC824D99B6400882F9B /* MovieShowCaseResponse.swift in Sources */ = {isa = PBXBuildFile; fileRef = C13D7CC724D99B6400882F9B /* MovieShowCaseResponse.swift */; };
		C13D7CCA24D99D9100882F9B /* MovieShowCaseVO.swift in Sources */ = {isa = PBXBuildFile; fileRef = C13D7CC924D99D9100882F9B /* MovieShowCaseVO.swift */; };
		C13D7CCD24D9A15500882F9B /* Api.swift in Sources */ = {isa = PBXBuildFile; fileRef = C13D7CCC24D9A15500882F9B /* Api.swift */; };
		C13D7CCF24D9A49C00882F9B /* BestMovieVO.swift in Sources */ = {isa = PBXBuildFile; fileRef = C13D7CCE24D9A49C00882F9B /* BestMovieVO.swift */; };
		C13D7CD124D9A5C000882F9B /* BestMovieResponse.swift in Sources */ = {isa = PBXBuildFile; fileRef = C13D7CD024D9A5C000882F9B /* BestMovieResponse.swift */; };
		C13D7CD324D9AA6E00882F9B /* GenreMovieResponse.swift in Sources */ = {isa = PBXBuildFile; fileRef = C13D7CD224D9AA6E00882F9B /* GenreMovieResponse.swift */; };
		C13D7CD524D9AF0300882F9B /* MovieVideoDetailVO.swift in Sources */ = {isa = PBXBuildFile; fileRef = C13D7CD424D9AF0300882F9B /* MovieVideoDetailVO.swift */; };
		C13D7CD724D9AF3400882F9B /* ApiClient.swift in Sources */ = {isa = PBXBuildFile; fileRef = C13D7CD624D9AF3400882F9B /* ApiClient.swift */; };
		C13D7CD924D9B04600882F9B /* AppConstants.swift in Sources */ = {isa = PBXBuildFile; fileRef = C13D7CD824D9B04600882F9B /* AppConstants.swift */; };
		C13D7CDB24D9BBE000882F9B /* Dao.swift in Sources */ = {isa = PBXBuildFile; fileRef = C13D7CDA24D9BBE000882F9B /* Dao.swift */; };
		C13D7CDD24D9BC2C00882F9B /* RealmHelper.swift in Sources */ = {isa = PBXBuildFile; fileRef = C13D7CDC24D9BC2C00882F9B /* RealmHelper.swift */; };
		C13D7CE024D9BC8F00882F9B /* DataModel.swift in Sources */ = {isa = PBXBuildFile; fileRef = C13D7CDF24D9BC8F00882F9B /* DataModel.swift */; };
		C13D7CE224D9BD7900882F9B /* DataModelImpl.swift in Sources */ = {isa = PBXBuildFile; fileRef = C13D7CE124D9BD7900882F9B /* DataModelImpl.swift */; };
		C13D7CE424D9C3C200882F9B /* MainPresenterImpl.swift in Sources */ = {isa = PBXBuildFile; fileRef = C13D7CE324D9C3C200882F9B /* MainPresenterImpl.swift */; };
		C13D7CE624D9E00300882F9B /* MovieVideoResponse.swift in Sources */ = {isa = PBXBuildFile; fileRef = C13D7CE524D9E00300882F9B /* MovieVideoResponse.swift */; };
		C1498ED724D15B44005671C9 /* AppDelegate.swift in Sources */ = {isa = PBXBuildFile; fileRef = C1498ED624D15B44005671C9 /* AppDelegate.swift */; };
		C1498ED924D15B44005671C9 /* SceneDelegate.swift in Sources */ = {isa = PBXBuildFile; fileRef = C1498ED824D15B44005671C9 /* SceneDelegate.swift */; };
		C1498EDB24D15B44005671C9 /* ViewController.swift in Sources */ = {isa = PBXBuildFile; fileRef = C1498EDA24D15B44005671C9 /* ViewController.swift */; };
		C1498EDE24D15B44005671C9 /* Main.storyboard in Resources */ = {isa = PBXBuildFile; fileRef = C1498EDC24D15B44005671C9 /* Main.storyboard */; };
		C1498EE024D15B45005671C9 /* Assets.xcassets in Resources */ = {isa = PBXBuildFile; fileRef = C1498EDF24D15B45005671C9 /* Assets.xcassets */; };
		C1498EE324D15B45005671C9 /* LaunchScreen.storyboard in Resources */ = {isa = PBXBuildFile; fileRef = C1498EE124D15B45005671C9 /* LaunchScreen.storyboard */; };
		C1498EEE24D15B46005671C9 /* MovieDBMVPTests.swift in Sources */ = {isa = PBXBuildFile; fileRef = C1498EED24D15B46005671C9 /* MovieDBMVPTests.swift */; };
		C1498EF924D15B46005671C9 /* MovieDBMVPUITests.swift in Sources */ = {isa = PBXBuildFile; fileRef = C1498EF824D15B46005671C9 /* MovieDBMVPUITests.swift */; };
		C158DD8F24D6A583002A5737 /* CommonDelegates.swift in Sources */ = {isa = PBXBuildFile; fileRef = C158DD8E24D6A583002A5737 /* CommonDelegates.swift */; };
		C158DD9324D6ABD6002A5737 /* GenreGroupCollectionViewCell.swift in Sources */ = {isa = PBXBuildFile; fileRef = C158DD9124D6ABD6002A5737 /* GenreGroupCollectionViewCell.swift */; };
		C158DD9424D6ABD6002A5737 /* GenreGroupCollectionViewCell.xib in Resources */ = {isa = PBXBuildFile; fileRef = C158DD9224D6ABD6002A5737 /* GenreGroupCollectionViewCell.xib */; };
		C158DD9624D6BD26002A5737 /* PlayButton.swift in Sources */ = {isa = PBXBuildFile; fileRef = C158DD9524D6BD26002A5737 /* PlayButton.swift */; };
		C158DD9D24D6C5B7002A5737 /* TitleView.swift in Sources */ = {isa = PBXBuildFile; fileRef = C158DD9C24D6C5B7002A5737 /* TitleView.swift */; };
		C158DDA124D6CCA5002A5737 /* TitleCollectionReusableView.swift in Sources */ = {isa = PBXBuildFile; fileRef = C158DD9F24D6CCA5002A5737 /* TitleCollectionReusableView.swift */; };
		C158DDA224D6CCA5002A5737 /* TitleCollectionReusableView.xib in Resources */ = {isa = PBXBuildFile; fileRef = C158DDA024D6CCA5002A5737 /* TitleCollectionReusableView.xib */; };
		C169AA5924DB271C002DD373 /* TopMarkView.swift in Sources */ = {isa = PBXBuildFile; fileRef = C169AA5824DB271C002DD373 /* TopMarkView.swift */; };
		C169AA5B24DBF69A002DD373 /* UnderLineLabel.swift in Sources */ = {isa = PBXBuildFile; fileRef = C169AA5A24DBF69A002DD373 /* UnderLineLabel.swift */; };
		C18745FC24D4755800498AC2 /* BaseApiClient.swift in Sources */ = {isa = PBXBuildFile; fileRef = C18745FB24D4755800498AC2 /* BaseApiClient.swift */; };
		C18745FE24D4758D00498AC2 /* Extensions.swift in Sources */ = {isa = PBXBuildFile; fileRef = C18745FD24D4758D00498AC2 /* Extensions.swift */; };
		C187460124D4783500498AC2 /* ErrorResponse.swift in Sources */ = {isa = PBXBuildFile; fileRef = C187460024D4783500498AC2 /* ErrorResponse.swift */; };
		C187460424D5469300498AC2 /* MainViewController.swift in Sources */ = {isa = PBXBuildFile; fileRef = C187460224D5469300498AC2 /* MainViewController.swift */; };
		C187460524D5469300498AC2 /* MainViewController.xib in Resources */ = {isa = PBXBuildFile; fileRef = C187460324D5469300498AC2 /* MainViewController.xib */; };
		C187460824D546BB00498AC2 /* MainPageView.swift in Sources */ = {isa = PBXBuildFile; fileRef = C187460724D546BB00498AC2 /* MainPageView.swift */; };
		C187460A24D546CF00498AC2 /* MainPresenter.swift in Sources */ = {isa = PBXBuildFile; fileRef = C187460924D546CF00498AC2 /* MainPresenter.swift */; };
		C187460D24D5477B00498AC2 /* MainVideoVO.swift in Sources */ = {isa = PBXBuildFile; fileRef = C187460C24D5477B00498AC2 /* MainVideoVO.swift */; };
		C187460F24D548A300498AC2 /* MainVideoResponse.swift in Sources */ = {isa = PBXBuildFile; fileRef = C187460E24D548A300498AC2 /* MainVideoResponse.swift */; };
		C187461424D54A8C00498AC2 /* VideoCollectionViewCell.swift in Sources */ = {isa = PBXBuildFile; fileRef = C187461224D54A8C00498AC2 /* VideoCollectionViewCell.swift */; };
		C187461524D54A8C00498AC2 /* VideoCollectionViewCell.xib in Resources */ = {isa = PBXBuildFile; fileRef = C187461324D54A8C00498AC2 /* VideoCollectionViewCell.xib */; };
		C187461A24D54B9500498AC2 /* BestPopularCollectionViewCell.swift in Sources */ = {isa = PBXBuildFile; fileRef = C187461824D54B9500498AC2 /* BestPopularCollectionViewCell.swift */; };
		C187461B24D54B9500498AC2 /* BestPopularCollectionViewCell.xib in Resources */ = {isa = PBXBuildFile; fileRef = C187461924D54B9500498AC2 /* BestPopularCollectionViewCell.xib */; };
		C187462024D5510700498AC2 /* TopMarkView.xib in Resources */ = {isa = PBXBuildFile; fileRef = C187461F24D5510700498AC2 /* TopMarkView.xib */; };
		C187462724D552F700498AC2 /* PersonCollectionViewCell.swift in Sources */ = {isa = PBXBuildFile; fileRef = C187462524D552F700498AC2 /* PersonCollectionViewCell.swift */; };
		C187462824D552F700498AC2 /* PersonCollectionViewCell.xib in Resources */ = {isa = PBXBuildFile; fileRef = C187462624D552F700498AC2 /* PersonCollectionViewCell.xib */; };
		C187462C24D562F200498AC2 /* CardView.swift in Sources */ = {isa = PBXBuildFile; fileRef = C187462B24D562F200498AC2 /* CardView.swift */; };
		C187462E24D56AA300498AC2 /* SampleView.xib in Resources */ = {isa = PBXBuildFile; fileRef = C187462D24D56AA300498AC2 /* SampleView.xib */; };
		C187463224D56B1E00498AC2 /* ShowTimeCollectionViewCell.swift in Sources */ = {isa = PBXBuildFile; fileRef = C187463024D56B1E00498AC2 /* ShowTimeCollectionViewCell.swift */; };
		C187463324D56B1E00498AC2 /* ShowTimeCollectionViewCell.xib in Resources */ = {isa = PBXBuildFile; fileRef = C187463124D56B1E00498AC2 /* ShowTimeCollectionViewCell.xib */; };
		C187463724D56BE100498AC2 /* SlideVideoCollectionViewCell.swift in Sources */ = {isa = PBXBuildFile; fileRef = C187463524D56BE100498AC2 /* SlideVideoCollectionViewCell.swift */; };
		C187463824D56BE100498AC2 /* SlideVideoCollectionViewCell.xib in Resources */ = {isa = PBXBuildFile; fileRef = C187463624D56BE100498AC2 /* SlideVideoCollectionViewCell.xib */; };
		C187463C24D56E1F00498AC2 /* ShowCaseCollectionViewCell.swift in Sources */ = {isa = PBXBuildFile; fileRef = C187463A24D56E1F00498AC2 /* ShowCaseCollectionViewCell.swift */; };
		C187463D24D56E1F00498AC2 /* ShowCaseCollectionViewCell.xib in Resources */ = {isa = PBXBuildFile; fileRef = C187463B24D56E1F00498AC2 /* ShowCaseCollectionViewCell.xib */; };
		C187464124D56FEB00498AC2 /* GenreTitleCollectionViewCell.swift in Sources */ = {isa = PBXBuildFile; fileRef = C187463F24D56FEB00498AC2 /* GenreTitleCollectionViewCell.swift */; };
		C187464224D56FEB00498AC2 /* GenreTitleCollectionViewCell.xib in Resources */ = {isa = PBXBuildFile; fileRef = C187464024D56FEB00498AC2 /* GenreTitleCollectionViewCell.xib */; };
		C187464624D57A8600498AC2 /* PagingCollectionViewCell.swift in Sources */ = {isa = PBXBuildFile; fileRef = C187464424D57A8600498AC2 /* PagingCollectionViewCell.swift */; };
		C187464724D57A8600498AC2 /* PagingCollectionViewCell.xib in Resources */ = {isa = PBXBuildFile; fileRef = C187464524D57A8600498AC2 /* PagingCollectionViewCell.xib */; };
		C187464A24D57D1500498AC2 /* PlayButton.xib in Resources */ = {isa = PBXBuildFile; fileRef = C187464924D57D1500498AC2 /* PlayButton.xib */; };
		E31E5E06D17DA0E367433996 /* Pods_MovieDBMVPTests.framework in Frameworks */ = {isa = PBXBuildFile; fileRef = 718FD41A60085B892C1FF80F /* Pods_MovieDBMVPTests.framework */; };
/* End PBXBuildFile section */

/* Begin PBXContainerItemProxy section */
		C1498EEA24D15B46005671C9 /* PBXContainerItemProxy */ = {
			isa = PBXContainerItemProxy;
			containerPortal = C1498ECB24D15B44005671C9 /* Project object */;
			proxyType = 1;
			remoteGlobalIDString = C1498ED224D15B44005671C9;
			remoteInfo = MovieDBMVP;
		};
		C1498EF524D15B46005671C9 /* PBXContainerItemProxy */ = {
			isa = PBXContainerItemProxy;
			containerPortal = C1498ECB24D15B44005671C9 /* Project object */;
			proxyType = 1;
			remoteGlobalIDString = C1498ED224D15B44005671C9;
			remoteInfo = MovieDBMVP;
		};
/* End PBXContainerItemProxy section */

/* Begin PBXFileReference section */
		00F733FB3DB355F09791C1A7 /* Pods_MovieDBMVP_MovieDBMVPUITests.framework */ = {isa = PBXFileReference; explicitFileType = wrapper.framework; includeInIndex = 0; path = Pods_MovieDBMVP_MovieDBMVPUITests.framework; sourceTree = BUILT_PRODUCTS_DIR; };
		242E5CF51978555B247101D7 /* Pods-MovieDBMVP.release.xcconfig */ = {isa = PBXFileReference; includeInIndex = 1; lastKnownFileType = text.xcconfig; name = "Pods-MovieDBMVP.release.xcconfig"; path = "Target Support Files/Pods-MovieDBMVP/Pods-MovieDBMVP.release.xcconfig"; sourceTree = "<group>"; };
		346B8D4168F469050E61B084 /* Pods_MovieDBMVP.framework */ = {isa = PBXFileReference; explicitFileType = wrapper.framework; includeInIndex = 0; path = Pods_MovieDBMVP.framework; sourceTree = BUILT_PRODUCTS_DIR; };
		3ECD4D886CDDD4C8CC71D8A9 /* Pods-MovieDBMVPTests.release.xcconfig */ = {isa = PBXFileReference; includeInIndex = 1; lastKnownFileType = text.xcconfig; name = "Pods-MovieDBMVPTests.release.xcconfig"; path = "Target Support Files/Pods-MovieDBMVPTests/Pods-MovieDBMVPTests.release.xcconfig"; sourceTree = "<group>"; };
		59853688C4B2A3D1F97B5100 /* Pods-MovieDBMVPTests.debug.xcconfig */ = {isa = PBXFileReference; includeInIndex = 1; lastKnownFileType = text.xcconfig; name = "Pods-MovieDBMVPTests.debug.xcconfig"; path = "Target Support Files/Pods-MovieDBMVPTests/Pods-MovieDBMVPTests.debug.xcconfig"; sourceTree = "<group>"; };
		60CE89444BD360474F661498 /* Pods-MovieDBMVP-MovieDBMVPUITests.release.xcconfig */ = {isa = PBXFileReference; includeInIndex = 1; lastKnownFileType = text.xcconfig; name = "Pods-MovieDBMVP-MovieDBMVPUITests.release.xcconfig"; path = "Target Support Files/Pods-MovieDBMVP-MovieDBMVPUITests/Pods-MovieDBMVP-MovieDBMVPUITests.release.xcconfig"; sourceTree = "<group>"; };
		6C758E63E0ABBA6DE9B85DF8 /* Pods-MovieDBMVP.debug.xcconfig */ = {isa = PBXFileReference; includeInIndex = 1; lastKnownFileType = text.xcconfig; name = "Pods-MovieDBMVP.debug.xcconfig"; path = "Target Support Files/Pods-MovieDBMVP/Pods-MovieDBMVP.debug.xcconfig"; sourceTree = "<group>"; };
		718FD41A60085B892C1FF80F /* Pods_MovieDBMVPTests.framework */ = {isa = PBXFileReference; explicitFileType = wrapper.framework; includeInIndex = 0; path = Pods_MovieDBMVPTests.framework; sourceTree = BUILT_PRODUCTS_DIR; };
		C10730D924DC22860096582B /* GenreMovieCollectionViewCell.swift */ = {isa = PBXFileReference; lastKnownFileType = sourcecode.swift; path = GenreMovieCollectionViewCell.swift; sourceTree = "<group>"; };
		C10730DA24DC22860096582B /* GenreMovieCollectionViewCell.xib */ = {isa = PBXFileReference; lastKnownFileType = file.xib; path = GenreMovieCollectionViewCell.xib; sourceTree = "<group>"; };
		C10730DE24DC23470096582B /* MovieCellView.swift */ = {isa = PBXFileReference; lastKnownFileType = sourcecode.swift; path = MovieCellView.swift; sourceTree = "<group>"; };
		C10730E024DC236C0096582B /* MovieCellView.xib */ = {isa = PBXFileReference; lastKnownFileType = file.xib; path = MovieCellView.xib; sourceTree = "<group>"; };
		C10730E224DC3CCF0096582B /* genreList.json */ = {isa = PBXFileReference; fileEncoding = 4; lastKnownFileType = text.json; path = genreList.json; sourceTree = "<group>"; };
		C137D64E24D8798100453AB5 /* CustomClass.swift */ = {isa = PBXFileReference; lastKnownFileType = sourcecode.swift; path = CustomClass.swift; sourceTree = "<group>"; };
		C13D7CB724D9399F00882F9B /* GenreVO.swift */ = {isa = PBXFileReference; lastKnownFileType = sourcecode.swift; path = GenreVO.swift; sourceTree = "<group>"; };
		C13D7CB924D93CB500882F9B /* GenreMovieVO.swift */ = {isa = PBXFileReference; lastKnownFileType = sourcecode.swift; path = GenreMovieVO.swift; sourceTree = "<group>"; };
		C13D7CBB24D93D2A00882F9B /* MovieCastDetailVO.swift */ = {isa = PBXFileReference; lastKnownFileType = sourcecode.swift; path = MovieCastDetailVO.swift; sourceTree = "<group>"; };
		C13D7CBD24D93D4C00882F9B /* MovieCastDetailResponse.swift */ = {isa = PBXFileReference; lastKnownFileType = sourcecode.swift; path = MovieCastDetailResponse.swift; sourceTree = "<group>"; };
		C13D7CBF24D93DC200882F9B /* Enums.swift */ = {isa = PBXFileReference; lastKnownFileType = sourcecode.swift; path = Enums.swift; sourceTree = "<group>"; };
		C13D7CC124D956BB00882F9B /* MovieCreditResponse.swift */ = {isa = PBXFileReference; lastKnownFileType = sourcecode.swift; path = MovieCreditResponse.swift; sourceTree = "<group>"; };
		C13D7CC324D956EA00882F9B /* MovieCastVO.swift */ = {isa = PBXFileReference; lastKnownFileType = sourcecode.swift; path = MovieCastVO.swift; sourceTree = "<group>"; };
		C13D7CC524D9570700882F9B /* MovieCrewVO.swift */ = {isa = PBXFileReference; lastKnownFileType = sourcecode.swift; path = MovieCrewVO.swift; sourceTree = "<group>"; };
		C13D7CC724D99B6400882F9B /* MovieShowCaseResponse.swift */ = {isa = PBXFileReference; lastKnownFileType = sourcecode.swift; path = MovieShowCaseResponse.swift; sourceTree = "<group>"; };
		C13D7CC924D99D9100882F9B /* MovieShowCaseVO.swift */ = {isa = PBXFileReference; lastKnownFileType = sourcecode.swift; path = MovieShowCaseVO.swift; sourceTree = "<group>"; };
		C13D7CCC24D9A15500882F9B /* Api.swift */ = {isa = PBXFileReference; lastKnownFileType = sourcecode.swift; path = Api.swift; sourceTree = "<group>"; };
		C13D7CCE24D9A49C00882F9B /* BestMovieVO.swift */ = {isa = PBXFileReference; lastKnownFileType = sourcecode.swift; path = BestMovieVO.swift; sourceTree = "<group>"; };
		C13D7CD024D9A5C000882F9B /* BestMovieResponse.swift */ = {isa = PBXFileReference; lastKnownFileType = sourcecode.swift; path = BestMovieResponse.swift; sourceTree = "<group>"; };
		C13D7CD224D9AA6E00882F9B /* GenreMovieResponse.swift */ = {isa = PBXFileReference; lastKnownFileType = sourcecode.swift; path = GenreMovieResponse.swift; sourceTree = "<group>"; };
		C13D7CD424D9AF0300882F9B /* MovieVideoDetailVO.swift */ = {isa = PBXFileReference; lastKnownFileType = sourcecode.swift; path = MovieVideoDetailVO.swift; sourceTree = "<group>"; };
		C13D7CD624D9AF3400882F9B /* ApiClient.swift */ = {isa = PBXFileReference; lastKnownFileType = sourcecode.swift; path = ApiClient.swift; sourceTree = "<group>"; };
		C13D7CD824D9B04600882F9B /* AppConstants.swift */ = {isa = PBXFileReference; lastKnownFileType = sourcecode.swift; path = AppConstants.swift; sourceTree = "<group>"; };
		C13D7CDA24D9BBE000882F9B /* Dao.swift */ = {isa = PBXFileReference; lastKnownFileType = sourcecode.swift; path = Dao.swift; sourceTree = "<group>"; };
		C13D7CDC24D9BC2C00882F9B /* RealmHelper.swift */ = {isa = PBXFileReference; lastKnownFileType = sourcecode.swift; path = RealmHelper.swift; sourceTree = "<group>"; };
		C13D7CDF24D9BC8F00882F9B /* DataModel.swift */ = {isa = PBXFileReference; lastKnownFileType = sourcecode.swift; path = DataModel.swift; sourceTree = "<group>"; };
		C13D7CE124D9BD7900882F9B /* DataModelImpl.swift */ = {isa = PBXFileReference; lastKnownFileType = sourcecode.swift; path = DataModelImpl.swift; sourceTree = "<group>"; };
		C13D7CE324D9C3C200882F9B /* MainPresenterImpl.swift */ = {isa = PBXFileReference; lastKnownFileType = sourcecode.swift; path = MainPresenterImpl.swift; sourceTree = "<group>"; };
		C13D7CE524D9E00300882F9B /* MovieVideoResponse.swift */ = {isa = PBXFileReference; lastKnownFileType = sourcecode.swift; path = MovieVideoResponse.swift; sourceTree = "<group>"; };
		C1498ED324D15B44005671C9 /* MovieDBMVP.app */ = {isa = PBXFileReference; explicitFileType = wrapper.application; includeInIndex = 0; path = MovieDBMVP.app; sourceTree = BUILT_PRODUCTS_DIR; };
		C1498ED624D15B44005671C9 /* AppDelegate.swift */ = {isa = PBXFileReference; lastKnownFileType = sourcecode.swift; path = AppDelegate.swift; sourceTree = "<group>"; };
		C1498ED824D15B44005671C9 /* SceneDelegate.swift */ = {isa = PBXFileReference; lastKnownFileType = sourcecode.swift; path = SceneDelegate.swift; sourceTree = "<group>"; };
		C1498EDA24D15B44005671C9 /* ViewController.swift */ = {isa = PBXFileReference; lastKnownFileType = sourcecode.swift; path = ViewController.swift; sourceTree = "<group>"; };
		C1498EDD24D15B44005671C9 /* Base */ = {isa = PBXFileReference; lastKnownFileType = file.storyboard; name = Base; path = Base.lproj/Main.storyboard; sourceTree = "<group>"; };
		C1498EDF24D15B45005671C9 /* Assets.xcassets */ = {isa = PBXFileReference; lastKnownFileType = folder.assetcatalog; path = Assets.xcassets; sourceTree = "<group>"; };
		C1498EE224D15B45005671C9 /* Base */ = {isa = PBXFileReference; lastKnownFileType = file.storyboard; name = Base; path = Base.lproj/LaunchScreen.storyboard; sourceTree = "<group>"; };
		C1498EE424D15B45005671C9 /* Info.plist */ = {isa = PBXFileReference; lastKnownFileType = text.plist.xml; path = Info.plist; sourceTree = "<group>"; };
		C1498EE924D15B46005671C9 /* MovieDBMVPTests.xctest */ = {isa = PBXFileReference; explicitFileType = wrapper.cfbundle; includeInIndex = 0; path = MovieDBMVPTests.xctest; sourceTree = BUILT_PRODUCTS_DIR; };
		C1498EED24D15B46005671C9 /* MovieDBMVPTests.swift */ = {isa = PBXFileReference; lastKnownFileType = sourcecode.swift; path = MovieDBMVPTests.swift; sourceTree = "<group>"; };
		C1498EEF24D15B46005671C9 /* Info.plist */ = {isa = PBXFileReference; lastKnownFileType = text.plist.xml; path = Info.plist; sourceTree = "<group>"; };
		C1498EF424D15B46005671C9 /* MovieDBMVPUITests.xctest */ = {isa = PBXFileReference; explicitFileType = wrapper.cfbundle; includeInIndex = 0; path = MovieDBMVPUITests.xctest; sourceTree = BUILT_PRODUCTS_DIR; };
		C1498EF824D15B46005671C9 /* MovieDBMVPUITests.swift */ = {isa = PBXFileReference; lastKnownFileType = sourcecode.swift; path = MovieDBMVPUITests.swift; sourceTree = "<group>"; };
		C1498EFA24D15B46005671C9 /* Info.plist */ = {isa = PBXFileReference; lastKnownFileType = text.plist.xml; path = Info.plist; sourceTree = "<group>"; };
		C158DD8E24D6A583002A5737 /* CommonDelegates.swift */ = {isa = PBXFileReference; lastKnownFileType = sourcecode.swift; path = CommonDelegates.swift; sourceTree = "<group>"; };
		C158DD9124D6ABD6002A5737 /* GenreGroupCollectionViewCell.swift */ = {isa = PBXFileReference; lastKnownFileType = sourcecode.swift; path = GenreGroupCollectionViewCell.swift; sourceTree = "<group>"; };
		C158DD9224D6ABD6002A5737 /* GenreGroupCollectionViewCell.xib */ = {isa = PBXFileReference; lastKnownFileType = file.xib; path = GenreGroupCollectionViewCell.xib; sourceTree = "<group>"; };
		C158DD9524D6BD26002A5737 /* PlayButton.swift */ = {isa = PBXFileReference; lastKnownFileType = sourcecode.swift; path = PlayButton.swift; sourceTree = "<group>"; };
		C158DD9C24D6C5B7002A5737 /* TitleView.swift */ = {isa = PBXFileReference; lastKnownFileType = sourcecode.swift; path = TitleView.swift; sourceTree = "<group>"; };
		C158DD9F24D6CCA5002A5737 /* TitleCollectionReusableView.swift */ = {isa = PBXFileReference; lastKnownFileType = sourcecode.swift; path = TitleCollectionReusableView.swift; sourceTree = "<group>"; };
		C158DDA024D6CCA5002A5737 /* TitleCollectionReusableView.xib */ = {isa = PBXFileReference; lastKnownFileType = file.xib; path = TitleCollectionReusableView.xib; sourceTree = "<group>"; };
		C169AA5824DB271C002DD373 /* TopMarkView.swift */ = {isa = PBXFileReference; lastKnownFileType = sourcecode.swift; path = TopMarkView.swift; sourceTree = "<group>"; };
		C169AA5A24DBF69A002DD373 /* UnderLineLabel.swift */ = {isa = PBXFileReference; lastKnownFileType = sourcecode.swift; path = UnderLineLabel.swift; sourceTree = "<group>"; };
		C18745FB24D4755800498AC2 /* BaseApiClient.swift */ = {isa = PBXFileReference; lastKnownFileType = sourcecode.swift; path = BaseApiClient.swift; sourceTree = "<group>"; };
		C18745FD24D4758D00498AC2 /* Extensions.swift */ = {isa = PBXFileReference; lastKnownFileType = sourcecode.swift; path = Extensions.swift; sourceTree = "<group>"; };
		C187460024D4783500498AC2 /* ErrorResponse.swift */ = {isa = PBXFileReference; lastKnownFileType = sourcecode.swift; path = ErrorResponse.swift; sourceTree = "<group>"; };
		C187460224D5469300498AC2 /* MainViewController.swift */ = {isa = PBXFileReference; lastKnownFileType = sourcecode.swift; path = MainViewController.swift; sourceTree = "<group>"; };
		C187460324D5469300498AC2 /* MainViewController.xib */ = {isa = PBXFileReference; lastKnownFileType = file.xib; path = MainViewController.xib; sourceTree = "<group>"; };
		C187460724D546BB00498AC2 /* MainPageView.swift */ = {isa = PBXFileReference; lastKnownFileType = sourcecode.swift; path = MainPageView.swift; sourceTree = "<group>"; };
		C187460924D546CF00498AC2 /* MainPresenter.swift */ = {isa = PBXFileReference; lastKnownFileType = sourcecode.swift; path = MainPresenter.swift; sourceTree = "<group>"; };
		C187460C24D5477B00498AC2 /* MainVideoVO.swift */ = {isa = PBXFileReference; lastKnownFileType = sourcecode.swift; path = MainVideoVO.swift; sourceTree = "<group>"; };
		C187460E24D548A300498AC2 /* MainVideoResponse.swift */ = {isa = PBXFileReference; lastKnownFileType = sourcecode.swift; path = MainVideoResponse.swift; sourceTree = "<group>"; };
		C187461224D54A8C00498AC2 /* VideoCollectionViewCell.swift */ = {isa = PBXFileReference; lastKnownFileType = sourcecode.swift; path = VideoCollectionViewCell.swift; sourceTree = "<group>"; };
		C187461324D54A8C00498AC2 /* VideoCollectionViewCell.xib */ = {isa = PBXFileReference; lastKnownFileType = file.xib; path = VideoCollectionViewCell.xib; sourceTree = "<group>"; };
		C187461824D54B9500498AC2 /* BestPopularCollectionViewCell.swift */ = {isa = PBXFileReference; lastKnownFileType = sourcecode.swift; path = BestPopularCollectionViewCell.swift; sourceTree = "<group>"; };
		C187461924D54B9500498AC2 /* BestPopularCollectionViewCell.xib */ = {isa = PBXFileReference; lastKnownFileType = file.xib; path = BestPopularCollectionViewCell.xib; sourceTree = "<group>"; };
		C187461F24D5510700498AC2 /* TopMarkView.xib */ = {isa = PBXFileReference; lastKnownFileType = file.xib; path = TopMarkView.xib; sourceTree = "<group>"; };
		C187462524D552F700498AC2 /* PersonCollectionViewCell.swift */ = {isa = PBXFileReference; lastKnownFileType = sourcecode.swift; path = PersonCollectionViewCell.swift; sourceTree = "<group>"; };
		C187462624D552F700498AC2 /* PersonCollectionViewCell.xib */ = {isa = PBXFileReference; lastKnownFileType = file.xib; path = PersonCollectionViewCell.xib; sourceTree = "<group>"; };
		C187462B24D562F200498AC2 /* CardView.swift */ = {isa = PBXFileReference; lastKnownFileType = sourcecode.swift; path = CardView.swift; sourceTree = "<group>"; };
		C187462D24D56AA300498AC2 /* SampleView.xib */ = {isa = PBXFileReference; lastKnownFileType = file.xib; path = SampleView.xib; sourceTree = "<group>"; };
		C187463024D56B1E00498AC2 /* ShowTimeCollectionViewCell.swift */ = {isa = PBXFileReference; lastKnownFileType = sourcecode.swift; path = ShowTimeCollectionViewCell.swift; sourceTree = "<group>"; };
		C187463124D56B1E00498AC2 /* ShowTimeCollectionViewCell.xib */ = {isa = PBXFileReference; lastKnownFileType = file.xib; path = ShowTimeCollectionViewCell.xib; sourceTree = "<group>"; };
		C187463524D56BE100498AC2 /* SlideVideoCollectionViewCell.swift */ = {isa = PBXFileReference; lastKnownFileType = sourcecode.swift; path = SlideVideoCollectionViewCell.swift; sourceTree = "<group>"; };
		C187463624D56BE100498AC2 /* SlideVideoCollectionViewCell.xib */ = {isa = PBXFileReference; lastKnownFileType = file.xib; path = SlideVideoCollectionViewCell.xib; sourceTree = "<group>"; };
		C187463A24D56E1F00498AC2 /* ShowCaseCollectionViewCell.swift */ = {isa = PBXFileReference; lastKnownFileType = sourcecode.swift; path = ShowCaseCollectionViewCell.swift; sourceTree = "<group>"; };
		C187463B24D56E1F00498AC2 /* ShowCaseCollectionViewCell.xib */ = {isa = PBXFileReference; lastKnownFileType = file.xib; path = ShowCaseCollectionViewCell.xib; sourceTree = "<group>"; };
		C187463F24D56FEB00498AC2 /* GenreTitleCollectionViewCell.swift */ = {isa = PBXFileReference; lastKnownFileType = sourcecode.swift; path = GenreTitleCollectionViewCell.swift; sourceTree = "<group>"; };
		C187464024D56FEB00498AC2 /* GenreTitleCollectionViewCell.xib */ = {isa = PBXFileReference; lastKnownFileType = file.xib; path = GenreTitleCollectionViewCell.xib; sourceTree = "<group>"; };
		C187464424D57A8600498AC2 /* PagingCollectionViewCell.swift */ = {isa = PBXFileReference; lastKnownFileType = sourcecode.swift; path = PagingCollectionViewCell.swift; sourceTree = "<group>"; };
		C187464524D57A8600498AC2 /* PagingCollectionViewCell.xib */ = {isa = PBXFileReference; lastKnownFileType = file.xib; path = PagingCollectionViewCell.xib; sourceTree = "<group>"; };
		C187464924D57D1500498AC2 /* PlayButton.xib */ = {isa = PBXFileReference; lastKnownFileType = file.xib; path = PlayButton.xib; sourceTree = "<group>"; };
		ECFB23F39074FB8960B08B36 /* Pods-MovieDBMVP-MovieDBMVPUITests.debug.xcconfig */ = {isa = PBXFileReference; includeInIndex = 1; lastKnownFileType = text.xcconfig; name = "Pods-MovieDBMVP-MovieDBMVPUITests.debug.xcconfig"; path = "Target Support Files/Pods-MovieDBMVP-MovieDBMVPUITests/Pods-MovieDBMVP-MovieDBMVPUITests.debug.xcconfig"; sourceTree = "<group>"; };
/* End PBXFileReference section */

/* Begin PBXFrameworksBuildPhase section */
		C1498ED024D15B44005671C9 /* Frameworks */ = {
			isa = PBXFrameworksBuildPhase;
			buildActionMask = 2147483647;
			files = (
				716BB4A2E3EFE440066057E0 /* Pods_MovieDBMVP.framework in Frameworks */,
			);
			runOnlyForDeploymentPostprocessing = 0;
		};
		C1498EE624D15B46005671C9 /* Frameworks */ = {
			isa = PBXFrameworksBuildPhase;
			buildActionMask = 2147483647;
			files = (
				E31E5E06D17DA0E367433996 /* Pods_MovieDBMVPTests.framework in Frameworks */,
			);
			runOnlyForDeploymentPostprocessing = 0;
		};
		C1498EF124D15B46005671C9 /* Frameworks */ = {
			isa = PBXFrameworksBuildPhase;
			buildActionMask = 2147483647;
			files = (
				884C6268565B09B5CD171D39 /* Pods_MovieDBMVP_MovieDBMVPUITests.framework in Frameworks */,
			);
			runOnlyForDeploymentPostprocessing = 0;
		};
/* End PBXFrameworksBuildPhase section */

/* Begin PBXGroup section */
		17AD4DDDCBC3F339A3992DEC /* Pods */ = {
			isa = PBXGroup;
			children = (
				6C758E63E0ABBA6DE9B85DF8 /* Pods-MovieDBMVP.debug.xcconfig */,
				242E5CF51978555B247101D7 /* Pods-MovieDBMVP.release.xcconfig */,
				ECFB23F39074FB8960B08B36 /* Pods-MovieDBMVP-MovieDBMVPUITests.debug.xcconfig */,
				60CE89444BD360474F661498 /* Pods-MovieDBMVP-MovieDBMVPUITests.release.xcconfig */,
				59853688C4B2A3D1F97B5100 /* Pods-MovieDBMVPTests.debug.xcconfig */,
				3ECD4D886CDDD4C8CC71D8A9 /* Pods-MovieDBMVPTests.release.xcconfig */,
			);
			path = Pods;
			sourceTree = "<group>";
		};
		49D90AA7509B6D709668853C /* Frameworks */ = {
			isa = PBXGroup;
			children = (
				346B8D4168F469050E61B084 /* Pods_MovieDBMVP.framework */,
				00F733FB3DB355F09791C1A7 /* Pods_MovieDBMVP_MovieDBMVPUITests.framework */,
				718FD41A60085B892C1FF80F /* Pods_MovieDBMVPTests.framework */,
			);
			name = Frameworks;
			sourceTree = "<group>";
		};
		C10730D824DC22580096582B /* genreMovie */ = {
			isa = PBXGroup;
			children = (
				C10730D924DC22860096582B /* GenreMovieCollectionViewCell.swift */,
				C10730DA24DC22860096582B /* GenreMovieCollectionViewCell.xib */,
			);
			path = genreMovie;
			sourceTree = "<group>";
		};
		C10730DD24DC231B0096582B /* moviecell */ = {
			isa = PBXGroup;
			children = (
				C10730DE24DC23470096582B /* MovieCellView.swift */,
				C10730E024DC236C0096582B /* MovieCellView.xib */,
			);
			path = moviecell;
			sourceTree = "<group>";
		};
		C13D7CCB24D9A11F00882F9B /* api */ = {
			isa = PBXGroup;
			children = (
				C18745FB24D4755800498AC2 /* BaseApiClient.swift */,
				C13D7CCC24D9A15500882F9B /* Api.swift */,
				C13D7CD624D9AF3400882F9B /* ApiClient.swift */,
			);
			path = api;
			sourceTree = "<group>";
		};
		C13D7CDE24D9BC7F00882F9B /* model */ = {
			isa = PBXGroup;
			children = (
				C13D7CDF24D9BC8F00882F9B /* DataModel.swift */,
				C13D7CE124D9BD7900882F9B /* DataModelImpl.swift */,
			);
			path = model;
			sourceTree = "<group>";
		};
		C1498ECA24D15B44005671C9 = {
			isa = PBXGroup;
			children = (
				C1498ED524D15B44005671C9 /* MovieDBMVP */,
				C1498EEC24D15B46005671C9 /* MovieDBMVPTests */,
				C1498EF724D15B46005671C9 /* MovieDBMVPUITests */,
				C1498ED424D15B44005671C9 /* Products */,
				17AD4DDDCBC3F339A3992DEC /* Pods */,
				49D90AA7509B6D709668853C /* Frameworks */,
			);
			sourceTree = "<group>";
		};
		C1498ED424D15B44005671C9 /* Products */ = {
			isa = PBXGroup;
			children = (
				C1498ED324D15B44005671C9 /* MovieDBMVP.app */,
				C1498EE924D15B46005671C9 /* MovieDBMVPTests.xctest */,
				C1498EF424D15B46005671C9 /* MovieDBMVPUITests.xctest */,
			);
			name = Products;
			sourceTree = "<group>";
		};
		C1498ED524D15B44005671C9 /* MovieDBMVP */ = {
			isa = PBXGroup;
			children = (
				C187462A24D562E400498AC2 /* components */,
				C187461C24D5504B00498AC2 /* commonView */,
				C18745EF24D4638800498AC2 /* delegate */,
				C18745F024D4639800498AC2 /* viewcontrollers */,
				C18745F424D463D000498AC2 /* views */,
				C18745F224D463B700498AC2 /* presenters */,
				C18745F824D46C4700498AC2 /* persistance */,
				C18745FA24D46C7100498AC2 /* data */,
				C18745F724D46C3E00498AC2 /* network */,
				C18745F624D46C3900498AC2 /* utils */,
				C18745F524D463D800498AC2 /* cells */,
				C1498EDA24D15B44005671C9 /* ViewController.swift */,
				C1498EDC24D15B44005671C9 /* Main.storyboard */,
				C1498EDF24D15B45005671C9 /* Assets.xcassets */,
				C1498EE124D15B45005671C9 /* LaunchScreen.storyboard */,
				C1498EE424D15B45005671C9 /* Info.plist */,
			);
			path = MovieDBMVP;
			sourceTree = "<group>";
		};
		C1498EEC24D15B46005671C9 /* MovieDBMVPTests */ = {
			isa = PBXGroup;
			children = (
				C1498EED24D15B46005671C9 /* MovieDBMVPTests.swift */,
				C1498EEF24D15B46005671C9 /* Info.plist */,
			);
			path = MovieDBMVPTests;
			sourceTree = "<group>";
		};
		C1498EF724D15B46005671C9 /* MovieDBMVPUITests */ = {
			isa = PBXGroup;
			children = (
				C1498EF824D15B46005671C9 /* MovieDBMVPUITests.swift */,
				C1498EFA24D15B46005671C9 /* Info.plist */,
			);
			path = MovieDBMVPUITests;
			sourceTree = "<group>";
		};
		C158DD9024D6AB73002A5737 /* genrelist */ = {
			isa = PBXGroup;
			children = (
				C158DD9124D6ABD6002A5737 /* GenreGroupCollectionViewCell.swift */,
				C158DD9224D6ABD6002A5737 /* GenreGroupCollectionViewCell.xib */,
			);
			path = genrelist;
			sourceTree = "<group>";
		};
		C158DD9724D6C549002A5737 /* cellTitle */ = {
			isa = PBXGroup;
			children = (
				C158DD9C24D6C5B7002A5737 /* TitleView.swift */,
			);
			path = cellTitle;
			sourceTree = "<group>";
		};
		C158DD9E24D6CC6A002A5737 /* title */ = {
			isa = PBXGroup;
			children = (
				C158DD9F24D6CCA5002A5737 /* TitleCollectionReusableView.swift */,
				C158DDA024D6CCA5002A5737 /* TitleCollectionReusableView.xib */,
			);
			path = title;
			sourceTree = "<group>";
		};
		C18745EF24D4638800498AC2 /* delegate */ = {
			isa = PBXGroup;
			children = (
				C1498ED624D15B44005671C9 /* AppDelegate.swift */,
				C1498ED824D15B44005671C9 /* SceneDelegate.swift */,
				C158DD8E24D6A583002A5737 /* CommonDelegates.swift */,
			);
			path = delegate;
			sourceTree = "<group>";
		};
		C18745F024D4639800498AC2 /* viewcontrollers */ = {
			isa = PBXGroup;
			children = (
				C18745F124D463A400498AC2 /* main */,
			);
			path = viewcontrollers;
			sourceTree = "<group>";
		};
		C18745F124D463A400498AC2 /* main */ = {
			isa = PBXGroup;
			children = (
				C187460224D5469300498AC2 /* MainViewController.swift */,
				C187460324D5469300498AC2 /* MainViewController.xib */,
				C187462D24D56AA300498AC2 /* SampleView.xib */,
			);
			path = main;
			sourceTree = "<group>";
		};
		C18745F224D463B700498AC2 /* presenters */ = {
			isa = PBXGroup;
			children = (
				C18745F324D463C900498AC2 /* main */,
			);
			path = presenters;
			sourceTree = "<group>";
		};
		C18745F324D463C900498AC2 /* main */ = {
			isa = PBXGroup;
			children = (
				C187460924D546CF00498AC2 /* MainPresenter.swift */,
				C13D7CE324D9C3C200882F9B /* MainPresenterImpl.swift */,
			);
			path = main;
			sourceTree = "<group>";
		};
		C18745F424D463D000498AC2 /* views */ = {
			isa = PBXGroup;
			children = (
				C187460624D546A300498AC2 /* main */,
			);
			path = views;
			sourceTree = "<group>";
		};
		C18745F524D463D800498AC2 /* cells */ = {
			isa = PBXGroup;
			children = (
				C158DD9E24D6CC6A002A5737 /* title */,
				C158DD9024D6AB73002A5737 /* genrelist */,
				C10730D824DC22580096582B /* genreMovie */,
				C187464324D57A5B00498AC2 /* pagingvideo */,
				C187463424D56BB500498AC2 /* slidevideo */,
				C187463E24D56FD300498AC2 /* genretitle */,
				C187463924D56DFA00498AC2 /* showcase */,
				C187462F24D56AFF00498AC2 /* showtime */,
				C187462324D552A200498AC2 /* person */,
				C187461724D54B4B00498AC2 /* bestpopular */,
				C187461624D54B3E00498AC2 /* video */,
			);
			path = cells;
			sourceTree = "<group>";
		};
		C18745F624D46C3900498AC2 /* utils */ = {
			isa = PBXGroup;
			children = (
				C18745FD24D4758D00498AC2 /* Extensions.swift */,
				C137D64E24D8798100453AB5 /* CustomClass.swift */,
				C13D7CD824D9B04600882F9B /* AppConstants.swift */,
			);
			path = utils;
			sourceTree = "<group>";
		};
		C18745F724D46C3E00498AC2 /* network */ = {
			isa = PBXGroup;
			children = (
				C13D7CCB24D9A11F00882F9B /* api */,
				C18745FF24D4782800498AC2 /* responses */,
			);
			path = network;
			sourceTree = "<group>";
		};
		C18745F824D46C4700498AC2 /* persistance */ = {
			isa = PBXGroup;
			children = (
				C13D7CDA24D9BBE000882F9B /* Dao.swift */,
				C13D7CDC24D9BC2C00882F9B /* RealmHelper.swift */,
			);
			path = persistance;
			sourceTree = "<group>";
		};
		C18745FA24D46C7100498AC2 /* data */ = {
			isa = PBXGroup;
			children = (
				C13D7CDE24D9BC7F00882F9B /* model */,
				C187460B24D5472300498AC2 /* vos */,
			);
			path = data;
			sourceTree = "<group>";
		};
		C18745FF24D4782800498AC2 /* responses */ = {
			isa = PBXGroup;
			children = (
				C187460024D4783500498AC2 /* ErrorResponse.swift */,
				C13D7CBD24D93D4C00882F9B /* MovieCastDetailResponse.swift */,
				C10730E224DC3CCF0096582B /* genreList.json */,
				C187460E24D548A300498AC2 /* MainVideoResponse.swift */,
				C13D7CC124D956BB00882F9B /* MovieCreditResponse.swift */,
				C13D7CC724D99B6400882F9B /* MovieShowCaseResponse.swift */,
				C13D7CD024D9A5C000882F9B /* BestMovieResponse.swift */,
				C13D7CD224D9AA6E00882F9B /* GenreMovieResponse.swift */,
				C13D7CE524D9E00300882F9B /* MovieVideoResponse.swift */,
			);
			path = responses;
			sourceTree = "<group>";
		};
		C187460624D546A300498AC2 /* main */ = {
			isa = PBXGroup;
			children = (
				C187460724D546BB00498AC2 /* MainPageView.swift */,
			);
			path = main;
			sourceTree = "<group>";
		};
		C187460B24D5472300498AC2 /* vos */ = {
			isa = PBXGroup;
			children = (
				C187460C24D5477B00498AC2 /* MainVideoVO.swift */,
				C13D7CCE24D9A49C00882F9B /* BestMovieVO.swift */,
				C13D7CB724D9399F00882F9B /* GenreVO.swift */,
				C13D7CB924D93CB500882F9B /* GenreMovieVO.swift */,
				C13D7CBB24D93D2A00882F9B /* MovieCastDetailVO.swift */,
				C13D7CC924D99D9100882F9B /* MovieShowCaseVO.swift */,
				C13D7CC324D956EA00882F9B /* MovieCastVO.swift */,
				C13D7CC524D9570700882F9B /* MovieCrewVO.swift */,
				C13D7CBF24D93DC200882F9B /* Enums.swift */,
				C13D7CD424D9AF0300882F9B /* MovieVideoDetailVO.swift */,
			);
			path = vos;
			sourceTree = "<group>";
		};
		C187461624D54B3E00498AC2 /* video */ = {
			isa = PBXGroup;
			children = (
				C187461224D54A8C00498AC2 /* VideoCollectionViewCell.swift */,
				C187461324D54A8C00498AC2 /* VideoCollectionViewCell.xib */,
			);
			path = video;
			sourceTree = "<group>";
		};
		C187461724D54B4B00498AC2 /* bestpopular */ = {
			isa = PBXGroup;
			children = (
				C187461824D54B9500498AC2 /* BestPopularCollectionViewCell.swift */,
				C187461924D54B9500498AC2 /* BestPopularCollectionViewCell.xib */,
			);
			path = bestpopular;
			sourceTree = "<group>";
		};
		C187461C24D5504B00498AC2 /* commonView */ = {
			isa = PBXGroup;
			children = (
				C10730DD24DC231B0096582B /* moviecell */,
				C158DD9724D6C549002A5737 /* cellTitle */,
				C187464824D57CE400498AC2 /* playbutton */,
				C187461D24D5505300498AC2 /* TopMarkView */,
			);
			path = commonView;
			sourceTree = "<group>";
		};
		C187461D24D5505300498AC2 /* TopMarkView */ = {
			isa = PBXGroup;
			children = (
				C187461F24D5510700498AC2 /* TopMarkView.xib */,
				C169AA5824DB271C002DD373 /* TopMarkView.swift */,
			);
			path = TopMarkView;
			sourceTree = "<group>";
		};
		C187462324D552A200498AC2 /* person */ = {
			isa = PBXGroup;
			children = (
				C187462524D552F700498AC2 /* PersonCollectionViewCell.swift */,
				C187462624D552F700498AC2 /* PersonCollectionViewCell.xib */,
			);
			path = person;
			sourceTree = "<group>";
		};
		C187462A24D562E400498AC2 /* components */ = {
			isa = PBXGroup;
			children = (
				C187462B24D562F200498AC2 /* CardView.swift */,
				C169AA5A24DBF69A002DD373 /* UnderLineLabel.swift */,
			);
			path = components;
			sourceTree = "<group>";
		};
		C187462F24D56AFF00498AC2 /* showtime */ = {
			isa = PBXGroup;
			children = (
				C187463024D56B1E00498AC2 /* ShowTimeCollectionViewCell.swift */,
				C187463124D56B1E00498AC2 /* ShowTimeCollectionViewCell.xib */,
			);
			path = showtime;
			sourceTree = "<group>";
		};
		C187463424D56BB500498AC2 /* slidevideo */ = {
			isa = PBXGroup;
			children = (
				C187463524D56BE100498AC2 /* SlideVideoCollectionViewCell.swift */,
				C187463624D56BE100498AC2 /* SlideVideoCollectionViewCell.xib */,
			);
			path = slidevideo;
			sourceTree = "<group>";
		};
		C187463924D56DFA00498AC2 /* showcase */ = {
			isa = PBXGroup;
			children = (
				C187463A24D56E1F00498AC2 /* ShowCaseCollectionViewCell.swift */,
				C187463B24D56E1F00498AC2 /* ShowCaseCollectionViewCell.xib */,
			);
			path = showcase;
			sourceTree = "<group>";
		};
		C187463E24D56FD300498AC2 /* genretitle */ = {
			isa = PBXGroup;
			children = (
				C187463F24D56FEB00498AC2 /* GenreTitleCollectionViewCell.swift */,
				C187464024D56FEB00498AC2 /* GenreTitleCollectionViewCell.xib */,
			);
			path = genretitle;
			sourceTree = "<group>";
		};
		C187464324D57A5B00498AC2 /* pagingvideo */ = {
			isa = PBXGroup;
			children = (
				C187464424D57A8600498AC2 /* PagingCollectionViewCell.swift */,
				C187464524D57A8600498AC2 /* PagingCollectionViewCell.xib */,
			);
			path = pagingvideo;
			sourceTree = "<group>";
		};
		C187464824D57CE400498AC2 /* playbutton */ = {
			isa = PBXGroup;
			children = (
				C187464924D57D1500498AC2 /* PlayButton.xib */,
				C158DD9524D6BD26002A5737 /* PlayButton.swift */,
			);
			path = playbutton;
			sourceTree = "<group>";
		};
/* End PBXGroup section */

/* Begin PBXNativeTarget section */
		C1498ED224D15B44005671C9 /* MovieDBMVP */ = {
			isa = PBXNativeTarget;
			buildConfigurationList = C1498EFD24D15B46005671C9 /* Build configuration list for PBXNativeTarget "MovieDBMVP" */;
			buildPhases = (
				09DDA58BAB3D728615F0717C /* [CP] Check Pods Manifest.lock */,
				C1498ECF24D15B44005671C9 /* Sources */,
				C1498ED024D15B44005671C9 /* Frameworks */,
				C1498ED124D15B44005671C9 /* Resources */,
				8CD36305EFC27C88EA56675D /* [CP] Embed Pods Frameworks */,
			);
			buildRules = (
			);
			dependencies = (
			);
			name = MovieDBMVP;
			productName = MovieDBMVP;
			productReference = C1498ED324D15B44005671C9 /* MovieDBMVP.app */;
			productType = "com.apple.product-type.application";
		};
		C1498EE824D15B46005671C9 /* MovieDBMVPTests */ = {
			isa = PBXNativeTarget;
			buildConfigurationList = C1498F0024D15B46005671C9 /* Build configuration list for PBXNativeTarget "MovieDBMVPTests" */;
			buildPhases = (
				26AE44A4E52518E4FCF764AD /* [CP] Check Pods Manifest.lock */,
				C1498EE524D15B46005671C9 /* Sources */,
				C1498EE624D15B46005671C9 /* Frameworks */,
				C1498EE724D15B46005671C9 /* Resources */,
			);
			buildRules = (
			);
			dependencies = (
				C1498EEB24D15B46005671C9 /* PBXTargetDependency */,
			);
			name = MovieDBMVPTests;
			productName = MovieDBMVPTests;
			productReference = C1498EE924D15B46005671C9 /* MovieDBMVPTests.xctest */;
			productType = "com.apple.product-type.bundle.unit-test";
		};
		C1498EF324D15B46005671C9 /* MovieDBMVPUITests */ = {
			isa = PBXNativeTarget;
			buildConfigurationList = C1498F0324D15B46005671C9 /* Build configuration list for PBXNativeTarget "MovieDBMVPUITests" */;
			buildPhases = (
				3E0124C3AC4A1C94559F4F69 /* [CP] Check Pods Manifest.lock */,
				C1498EF024D15B46005671C9 /* Sources */,
				C1498EF124D15B46005671C9 /* Frameworks */,
				C1498EF224D15B46005671C9 /* Resources */,
				7D47FFB0A11E2BC5AF24DCE5 /* [CP] Embed Pods Frameworks */,
			);
			buildRules = (
			);
			dependencies = (
				C1498EF624D15B46005671C9 /* PBXTargetDependency */,
			);
			name = MovieDBMVPUITests;
			productName = MovieDBMVPUITests;
			productReference = C1498EF424D15B46005671C9 /* MovieDBMVPUITests.xctest */;
			productType = "com.apple.product-type.bundle.ui-testing";
		};
/* End PBXNativeTarget section */

/* Begin PBXProject section */
		C1498ECB24D15B44005671C9 /* Project object */ = {
			isa = PBXProject;
			attributes = {
				LastSwiftUpdateCheck = 1130;
				LastUpgradeCheck = 1130;
				ORGANIZATIONNAME = "Khin Yadanar Thein";
				TargetAttributes = {
					C1498ED224D15B44005671C9 = {
						CreatedOnToolsVersion = 11.3.1;
					};
					C1498EE824D15B46005671C9 = {
						CreatedOnToolsVersion = 11.3.1;
						TestTargetID = C1498ED224D15B44005671C9;
					};
					C1498EF324D15B46005671C9 = {
						CreatedOnToolsVersion = 11.3.1;
						TestTargetID = C1498ED224D15B44005671C9;
					};
				};
			};
			buildConfigurationList = C1498ECE24D15B44005671C9 /* Build configuration list for PBXProject "MovieDBMVP" */;
			compatibilityVersion = "Xcode 9.3";
			developmentRegion = en;
			hasScannedForEncodings = 0;
			knownRegions = (
				en,
				Base,
			);
			mainGroup = C1498ECA24D15B44005671C9;
			productRefGroup = C1498ED424D15B44005671C9 /* Products */;
			projectDirPath = "";
			projectRoot = "";
			targets = (
				C1498ED224D15B44005671C9 /* MovieDBMVP */,
				C1498EE824D15B46005671C9 /* MovieDBMVPTests */,
				C1498EF324D15B46005671C9 /* MovieDBMVPUITests */,
			);
		};
/* End PBXProject section */

/* Begin PBXResourcesBuildPhase section */
		C1498ED124D15B44005671C9 /* Resources */ = {
			isa = PBXResourcesBuildPhase;
			buildActionMask = 2147483647;
			files = (
				C187462024D5510700498AC2 /* TopMarkView.xib in Resources */,
				C1498EE324D15B45005671C9 /* LaunchScreen.storyboard in Resources */,
				C1498EE024D15B45005671C9 /* Assets.xcassets in Resources */,
				C187463D24D56E1F00498AC2 /* ShowCaseCollectionViewCell.xib in Resources */,
				C187464A24D57D1500498AC2 /* PlayButton.xib in Resources */,
				C187462824D552F700498AC2 /* PersonCollectionViewCell.xib in Resources */,
				C187463324D56B1E00498AC2 /* ShowTimeCollectionViewCell.xib in Resources */,
				C187464724D57A8600498AC2 /* PagingCollectionViewCell.xib in Resources */,
				C10730DC24DC22860096582B /* GenreMovieCollectionViewCell.xib in Resources */,
				C187464224D56FEB00498AC2 /* GenreTitleCollectionViewCell.xib in Resources */,
				C187462E24D56AA300498AC2 /* SampleView.xib in Resources */,
				C187463824D56BE100498AC2 /* SlideVideoCollectionViewCell.xib in Resources */,
				C10730E124DC236C0096582B /* MovieCellView.xib in Resources */,
				C187461B24D54B9500498AC2 /* BestPopularCollectionViewCell.xib in Resources */,
				C158DDA224D6CCA5002A5737 /* TitleCollectionReusableView.xib in Resources */,
				C158DD9424D6ABD6002A5737 /* GenreGroupCollectionViewCell.xib in Resources */,
				C187461524D54A8C00498AC2 /* VideoCollectionViewCell.xib in Resources */,
				C1498EDE24D15B44005671C9 /* Main.storyboard in Resources */,
				C187460524D5469300498AC2 /* MainViewController.xib in Resources */,
				C10730E324DC3CCF0096582B /* genreList.json in Resources */,
			);
			runOnlyForDeploymentPostprocessing = 0;
		};
		C1498EE724D15B46005671C9 /* Resources */ = {
			isa = PBXResourcesBuildPhase;
			buildActionMask = 2147483647;
			files = (
			);
			runOnlyForDeploymentPostprocessing = 0;
		};
		C1498EF224D15B46005671C9 /* Resources */ = {
			isa = PBXResourcesBuildPhase;
			buildActionMask = 2147483647;
			files = (
			);
			runOnlyForDeploymentPostprocessing = 0;
		};
/* End PBXResourcesBuildPhase section */

/* Begin PBXShellScriptBuildPhase section */
		09DDA58BAB3D728615F0717C /* [CP] Check Pods Manifest.lock */ = {
			isa = PBXShellScriptBuildPhase;
			buildActionMask = 2147483647;
			files = (
			);
			inputFileListPaths = (
			);
			inputPaths = (
				"${PODS_PODFILE_DIR_PATH}/Podfile.lock",
				"${PODS_ROOT}/Manifest.lock",
			);
			name = "[CP] Check Pods Manifest.lock";
			outputFileListPaths = (
			);
			outputPaths = (
				"$(DERIVED_FILE_DIR)/Pods-MovieDBMVP-checkManifestLockResult.txt",
			);
			runOnlyForDeploymentPostprocessing = 0;
			shellPath = /bin/sh;
			shellScript = "diff \"${PODS_PODFILE_DIR_PATH}/Podfile.lock\" \"${PODS_ROOT}/Manifest.lock\" > /dev/null\nif [ $? != 0 ] ; then\n    # print error to STDERR\n    echo \"error: The sandbox is not in sync with the Podfile.lock. Run 'pod install' or update your CocoaPods installation.\" >&2\n    exit 1\nfi\n# This output is used by Xcode 'outputs' to avoid re-running this script phase.\necho \"SUCCESS\" > \"${SCRIPT_OUTPUT_FILE_0}\"\n";
			showEnvVarsInLog = 0;
		};
		26AE44A4E52518E4FCF764AD /* [CP] Check Pods Manifest.lock */ = {
			isa = PBXShellScriptBuildPhase;
			buildActionMask = 2147483647;
			files = (
			);
			inputFileListPaths = (
			);
			inputPaths = (
				"${PODS_PODFILE_DIR_PATH}/Podfile.lock",
				"${PODS_ROOT}/Manifest.lock",
			);
			name = "[CP] Check Pods Manifest.lock";
			outputFileListPaths = (
			);
			outputPaths = (
				"$(DERIVED_FILE_DIR)/Pods-MovieDBMVPTests-checkManifestLockResult.txt",
			);
			runOnlyForDeploymentPostprocessing = 0;
			shellPath = /bin/sh;
			shellScript = "diff \"${PODS_PODFILE_DIR_PATH}/Podfile.lock\" \"${PODS_ROOT}/Manifest.lock\" > /dev/null\nif [ $? != 0 ] ; then\n    # print error to STDERR\n    echo \"error: The sandbox is not in sync with the Podfile.lock. Run 'pod install' or update your CocoaPods installation.\" >&2\n    exit 1\nfi\n# This output is used by Xcode 'outputs' to avoid re-running this script phase.\necho \"SUCCESS\" > \"${SCRIPT_OUTPUT_FILE_0}\"\n";
			showEnvVarsInLog = 0;
		};
		3E0124C3AC4A1C94559F4F69 /* [CP] Check Pods Manifest.lock */ = {
			isa = PBXShellScriptBuildPhase;
			buildActionMask = 2147483647;
			files = (
			);
			inputFileListPaths = (
			);
			inputPaths = (
				"${PODS_PODFILE_DIR_PATH}/Podfile.lock",
				"${PODS_ROOT}/Manifest.lock",
			);
			name = "[CP] Check Pods Manifest.lock";
			outputFileListPaths = (
			);
			outputPaths = (
				"$(DERIVED_FILE_DIR)/Pods-MovieDBMVP-MovieDBMVPUITests-checkManifestLockResult.txt",
			);
			runOnlyForDeploymentPostprocessing = 0;
			shellPath = /bin/sh;
			shellScript = "diff \"${PODS_PODFILE_DIR_PATH}/Podfile.lock\" \"${PODS_ROOT}/Manifest.lock\" > /dev/null\nif [ $? != 0 ] ; then\n    # print error to STDERR\n    echo \"error: The sandbox is not in sync with the Podfile.lock. Run 'pod install' or update your CocoaPods installation.\" >&2\n    exit 1\nfi\n# This output is used by Xcode 'outputs' to avoid re-running this script phase.\necho \"SUCCESS\" > \"${SCRIPT_OUTPUT_FILE_0}\"\n";
			showEnvVarsInLog = 0;
		};
		7D47FFB0A11E2BC5AF24DCE5 /* [CP] Embed Pods Frameworks */ = {
			isa = PBXShellScriptBuildPhase;
			buildActionMask = 2147483647;
			files = (
			);
			inputFileListPaths = (
				"${PODS_ROOT}/Target Support Files/Pods-MovieDBMVP-MovieDBMVPUITests/Pods-MovieDBMVP-MovieDBMVPUITests-frameworks-${CONFIGURATION}-input-files.xcfilelist",
			);
			name = "[CP] Embed Pods Frameworks";
			outputFileListPaths = (
				"${PODS_ROOT}/Target Support Files/Pods-MovieDBMVP-MovieDBMVPUITests/Pods-MovieDBMVP-MovieDBMVPUITests-frameworks-${CONFIGURATION}-output-files.xcfilelist",
			);
			runOnlyForDeploymentPostprocessing = 0;
			shellPath = /bin/sh;
			shellScript = "\"${PODS_ROOT}/Target Support Files/Pods-MovieDBMVP-MovieDBMVPUITests/Pods-MovieDBMVP-MovieDBMVPUITests-frameworks.sh\"\n";
			showEnvVarsInLog = 0;
		};
		8CD36305EFC27C88EA56675D /* [CP] Embed Pods Frameworks */ = {
			isa = PBXShellScriptBuildPhase;
			buildActionMask = 2147483647;
			files = (
			);
			inputFileListPaths = (
				"${PODS_ROOT}/Target Support Files/Pods-MovieDBMVP/Pods-MovieDBMVP-frameworks-${CONFIGURATION}-input-files.xcfilelist",
			);
			name = "[CP] Embed Pods Frameworks";
			outputFileListPaths = (
				"${PODS_ROOT}/Target Support Files/Pods-MovieDBMVP/Pods-MovieDBMVP-frameworks-${CONFIGURATION}-output-files.xcfilelist",
			);
			runOnlyForDeploymentPostprocessing = 0;
			shellPath = /bin/sh;
			shellScript = "\"${PODS_ROOT}/Target Support Files/Pods-MovieDBMVP/Pods-MovieDBMVP-frameworks.sh\"\n";
			showEnvVarsInLog = 0;
		};
/* End PBXShellScriptBuildPhase section */

/* Begin PBXSourcesBuildPhase section */
		C1498ECF24D15B44005671C9 /* Sources */ = {
			isa = PBXSourcesBuildPhase;
			buildActionMask = 2147483647;
			files = (
				C158DDA124D6CCA5002A5737 /* TitleCollectionReusableView.swift in Sources */,
				C13D7CBC24D93D2A00882F9B /* MovieCastDetailVO.swift in Sources */,
				C187460424D5469300498AC2 /* MainViewController.swift in Sources */,
				C13D7CD324D9AA6E00882F9B /* GenreMovieResponse.swift in Sources */,
				C158DD9624D6BD26002A5737 /* PlayButton.swift in Sources */,
				C18745FE24D4758D00498AC2 /* Extensions.swift in Sources */,
				C187460824D546BB00498AC2 /* MainPageView.swift in Sources */,
				C1498EDB24D15B44005671C9 /* ViewController.swift in Sources */,
				C187463224D56B1E00498AC2 /* ShowTimeCollectionViewCell.swift in Sources */,
				C187462C24D562F200498AC2 /* CardView.swift in Sources */,
				C187463C24D56E1F00498AC2 /* ShowCaseCollectionViewCell.swift in Sources */,
				C13D7CCA24D99D9100882F9B /* MovieShowCaseVO.swift in Sources */,
				C187460A24D546CF00498AC2 /* MainPresenter.swift in Sources */,
				C13D7CC424D956EA00882F9B /* MovieCastVO.swift in Sources */,
				C13D7CE224D9BD7900882F9B /* DataModelImpl.swift in Sources */,
				C187462724D552F700498AC2 /* PersonCollectionViewCell.swift in Sources */,
				C137D64F24D8798100453AB5 /* CustomClass.swift in Sources */,
				C13D7CE424D9C3C200882F9B /* MainPresenterImpl.swift in Sources */,
				C158DD8F24D6A583002A5737 /* CommonDelegates.swift in Sources */,
				C13D7CC824D99B6400882F9B /* MovieShowCaseResponse.swift in Sources */,
				C13D7CC024D93DC200882F9B /* Enums.swift in Sources */,
				C187460D24D5477B00498AC2 /* MainVideoVO.swift in Sources */,
				C187461424D54A8C00498AC2 /* VideoCollectionViewCell.swift in Sources */,
				C13D7CBA24D93CB500882F9B /* GenreMovieVO.swift in Sources */,
				C13D7CD924D9B04600882F9B /* AppConstants.swift in Sources */,
				C10730DB24DC22860096582B /* GenreMovieCollectionViewCell.swift in Sources */,
				C169AA5924DB271C002DD373 /* TopMarkView.swift in Sources */,
				C13D7CCF24D9A49C00882F9B /* BestMovieVO.swift in Sources */,
				C13D7CDB24D9BBE000882F9B /* Dao.swift in Sources */,
				C13D7CCD24D9A15500882F9B /* Api.swift in Sources */,
				C13D7CB824D9399F00882F9B /* GenreVO.swift in Sources */,
				C158DD9324D6ABD6002A5737 /* GenreGroupCollectionViewCell.swift in Sources */,
				C187460F24D548A300498AC2 /* MainVideoResponse.swift in Sources */,
				C1498ED724D15B44005671C9 /* AppDelegate.swift in Sources */,
				C187463724D56BE100498AC2 /* SlideVideoCollectionViewCell.swift in Sources */,
				C13D7CDD24D9BC2C00882F9B /* RealmHelper.swift in Sources */,
				C13D7CE624D9E00300882F9B /* MovieVideoResponse.swift in Sources */,
				C13D7CD124D9A5C000882F9B /* BestMovieResponse.swift in Sources */,
				C13D7CC624D9570700882F9B /* MovieCrewVO.swift in Sources */,
				C187460124D4783500498AC2 /* ErrorResponse.swift in Sources */,
				C169AA5B24DBF69A002DD373 /* UnderLineLabel.swift in Sources */,
				C13D7CBE24D93D4C00882F9B /* MovieCastDetailResponse.swift in Sources */,
				C18745FC24D4755800498AC2 /* BaseApiClient.swift in Sources */,
				C1498ED924D15B44005671C9 /* SceneDelegate.swift in Sources */,
				C13D7CD724D9AF3400882F9B /* ApiClient.swift in Sources */,
				C187461A24D54B9500498AC2 /* BestPopularCollectionViewCell.swift in Sources */,
				C10730DF24DC23470096582B /* MovieCellView.swift in Sources */,
				C187464624D57A8600498AC2 /* PagingCollectionViewCell.swift in Sources */,
				C13D7CD524D9AF0300882F9B /* MovieVideoDetailVO.swift in Sources */,
				C187464124D56FEB00498AC2 /* GenreTitleCollectionViewCell.swift in Sources */,
				C13D7CC224D956BB00882F9B /* MovieCreditResponse.swift in Sources */,
				C158DD9D24D6C5B7002A5737 /* TitleView.swift in Sources */,
				C13D7CE024D9BC8F00882F9B /* DataModel.swift in Sources */,
			);
			runOnlyForDeploymentPostprocessing = 0;
		};
		C1498EE524D15B46005671C9 /* Sources */ = {
			isa = PBXSourcesBuildPhase;
			buildActionMask = 2147483647;
			files = (
				C1498EEE24D15B46005671C9 /* MovieDBMVPTests.swift in Sources */,
			);
			runOnlyForDeploymentPostprocessing = 0;
		};
		C1498EF024D15B46005671C9 /* Sources */ = {
			isa = PBXSourcesBuildPhase;
			buildActionMask = 2147483647;
			files = (
				C1498EF924D15B46005671C9 /* MovieDBMVPUITests.swift in Sources */,
			);
			runOnlyForDeploymentPostprocessing = 0;
		};
/* End PBXSourcesBuildPhase section */

/* Begin PBXTargetDependency section */
		C1498EEB24D15B46005671C9 /* PBXTargetDependency */ = {
			isa = PBXTargetDependency;
			target = C1498ED224D15B44005671C9 /* MovieDBMVP */;
			targetProxy = C1498EEA24D15B46005671C9 /* PBXContainerItemProxy */;
		};
		C1498EF624D15B46005671C9 /* PBXTargetDependency */ = {
			isa = PBXTargetDependency;
			target = C1498ED224D15B44005671C9 /* MovieDBMVP */;
			targetProxy = C1498EF524D15B46005671C9 /* PBXContainerItemProxy */;
		};
/* End PBXTargetDependency section */

/* Begin PBXVariantGroup section */
		C1498EDC24D15B44005671C9 /* Main.storyboard */ = {
			isa = PBXVariantGroup;
			children = (
				C1498EDD24D15B44005671C9 /* Base */,
			);
			name = Main.storyboard;
			sourceTree = "<group>";
		};
		C1498EE124D15B45005671C9 /* LaunchScreen.storyboard */ = {
			isa = PBXVariantGroup;
			children = (
				C1498EE224D15B45005671C9 /* Base */,
			);
			name = LaunchScreen.storyboard;
			sourceTree = "<group>";
		};
/* End PBXVariantGroup section */

/* Begin XCBuildConfiguration section */
		C1498EFB24D15B46005671C9 /* Debug */ = {
			isa = XCBuildConfiguration;
			buildSettings = {
				ALWAYS_SEARCH_USER_PATHS = NO;
				CLANG_ANALYZER_NONNULL = YES;
				CLANG_ANALYZER_NUMBER_OBJECT_CONVERSION = YES_AGGRESSIVE;
				CLANG_CXX_LANGUAGE_STANDARD = "gnu++14";
				CLANG_CXX_LIBRARY = "libc++";
				CLANG_ENABLE_MODULES = YES;
				CLANG_ENABLE_OBJC_ARC = YES;
				CLANG_ENABLE_OBJC_WEAK = YES;
				CLANG_WARN_BLOCK_CAPTURE_AUTORELEASING = YES;
				CLANG_WARN_BOOL_CONVERSION = YES;
				CLANG_WARN_COMMA = YES;
				CLANG_WARN_CONSTANT_CONVERSION = YES;
				CLANG_WARN_DEPRECATED_OBJC_IMPLEMENTATIONS = YES;
				CLANG_WARN_DIRECT_OBJC_ISA_USAGE = YES_ERROR;
				CLANG_WARN_DOCUMENTATION_COMMENTS = YES;
				CLANG_WARN_EMPTY_BODY = YES;
				CLANG_WARN_ENUM_CONVERSION = YES;
				CLANG_WARN_INFINITE_RECURSION = YES;
				CLANG_WARN_INT_CONVERSION = YES;
				CLANG_WARN_NON_LITERAL_NULL_CONVERSION = YES;
				CLANG_WARN_OBJC_IMPLICIT_RETAIN_SELF = YES;
				CLANG_WARN_OBJC_LITERAL_CONVERSION = YES;
				CLANG_WARN_OBJC_ROOT_CLASS = YES_ERROR;
				CLANG_WARN_RANGE_LOOP_ANALYSIS = YES;
				CLANG_WARN_STRICT_PROTOTYPES = YES;
				CLANG_WARN_SUSPICIOUS_MOVE = YES;
				CLANG_WARN_UNGUARDED_AVAILABILITY = YES_AGGRESSIVE;
				CLANG_WARN_UNREACHABLE_CODE = YES;
				CLANG_WARN__DUPLICATE_METHOD_MATCH = YES;
				COPY_PHASE_STRIP = NO;
				DEBUG_INFORMATION_FORMAT = dwarf;
				ENABLE_STRICT_OBJC_MSGSEND = YES;
				ENABLE_TESTABILITY = YES;
				GCC_C_LANGUAGE_STANDARD = gnu11;
				GCC_DYNAMIC_NO_PIC = NO;
				GCC_NO_COMMON_BLOCKS = YES;
				GCC_OPTIMIZATION_LEVEL = 0;
				GCC_PREPROCESSOR_DEFINITIONS = (
					"DEBUG=1",
					"$(inherited)",
				);
				GCC_WARN_64_TO_32_BIT_CONVERSION = YES;
				GCC_WARN_ABOUT_RETURN_TYPE = YES_ERROR;
				GCC_WARN_UNDECLARED_SELECTOR = YES;
				GCC_WARN_UNINITIALIZED_AUTOS = YES_AGGRESSIVE;
				GCC_WARN_UNUSED_FUNCTION = YES;
				GCC_WARN_UNUSED_VARIABLE = YES;
				IPHONEOS_DEPLOYMENT_TARGET = 13.2;
				MTL_ENABLE_DEBUG_INFO = INCLUDE_SOURCE;
				MTL_FAST_MATH = YES;
				ONLY_ACTIVE_ARCH = YES;
				SDKROOT = iphoneos;
				SWIFT_ACTIVE_COMPILATION_CONDITIONS = DEBUG;
				SWIFT_OPTIMIZATION_LEVEL = "-Onone";
			};
			name = Debug;
		};
		C1498EFC24D15B46005671C9 /* Release */ = {
			isa = XCBuildConfiguration;
			buildSettings = {
				ALWAYS_SEARCH_USER_PATHS = NO;
				CLANG_ANALYZER_NONNULL = YES;
				CLANG_ANALYZER_NUMBER_OBJECT_CONVERSION = YES_AGGRESSIVE;
				CLANG_CXX_LANGUAGE_STANDARD = "gnu++14";
				CLANG_CXX_LIBRARY = "libc++";
				CLANG_ENABLE_MODULES = YES;
				CLANG_ENABLE_OBJC_ARC = YES;
				CLANG_ENABLE_OBJC_WEAK = YES;
				CLANG_WARN_BLOCK_CAPTURE_AUTORELEASING = YES;
				CLANG_WARN_BOOL_CONVERSION = YES;
				CLANG_WARN_COMMA = YES;
				CLANG_WARN_CONSTANT_CONVERSION = YES;
				CLANG_WARN_DEPRECATED_OBJC_IMPLEMENTATIONS = YES;
				CLANG_WARN_DIRECT_OBJC_ISA_USAGE = YES_ERROR;
				CLANG_WARN_DOCUMENTATION_COMMENTS = YES;
				CLANG_WARN_EMPTY_BODY = YES;
				CLANG_WARN_ENUM_CONVERSION = YES;
				CLANG_WARN_INFINITE_RECURSION = YES;
				CLANG_WARN_INT_CONVERSION = YES;
				CLANG_WARN_NON_LITERAL_NULL_CONVERSION = YES;
				CLANG_WARN_OBJC_IMPLICIT_RETAIN_SELF = YES;
				CLANG_WARN_OBJC_LITERAL_CONVERSION = YES;
				CLANG_WARN_OBJC_ROOT_CLASS = YES_ERROR;
				CLANG_WARN_RANGE_LOOP_ANALYSIS = YES;
				CLANG_WARN_STRICT_PROTOTYPES = YES;
				CLANG_WARN_SUSPICIOUS_MOVE = YES;
				CLANG_WARN_UNGUARDED_AVAILABILITY = YES_AGGRESSIVE;
				CLANG_WARN_UNREACHABLE_CODE = YES;
				CLANG_WARN__DUPLICATE_METHOD_MATCH = YES;
				COPY_PHASE_STRIP = NO;
				DEBUG_INFORMATION_FORMAT = "dwarf-with-dsym";
				ENABLE_NS_ASSERTIONS = NO;
				ENABLE_STRICT_OBJC_MSGSEND = YES;
				GCC_C_LANGUAGE_STANDARD = gnu11;
				GCC_NO_COMMON_BLOCKS = YES;
				GCC_WARN_64_TO_32_BIT_CONVERSION = YES;
				GCC_WARN_ABOUT_RETURN_TYPE = YES_ERROR;
				GCC_WARN_UNDECLARED_SELECTOR = YES;
				GCC_WARN_UNINITIALIZED_AUTOS = YES_AGGRESSIVE;
				GCC_WARN_UNUSED_FUNCTION = YES;
				GCC_WARN_UNUSED_VARIABLE = YES;
				IPHONEOS_DEPLOYMENT_TARGET = 13.2;
				MTL_ENABLE_DEBUG_INFO = NO;
				MTL_FAST_MATH = YES;
				SDKROOT = iphoneos;
				SWIFT_COMPILATION_MODE = wholemodule;
				SWIFT_OPTIMIZATION_LEVEL = "-O";
				VALIDATE_PRODUCT = YES;
			};
			name = Release;
		};
		C1498EFE24D15B46005671C9 /* Debug */ = {
			isa = XCBuildConfiguration;
			baseConfigurationReference = 6C758E63E0ABBA6DE9B85DF8 /* Pods-MovieDBMVP.debug.xcconfig */;
			buildSettings = {
				ASSETCATALOG_COMPILER_APPICON_NAME = AppIcon;
				CODE_SIGN_STYLE = Automatic;
				DEVELOPMENT_TEAM = 398G994Z67;
				INFOPLIST_FILE = MovieDBMVP/Info.plist;
				LD_RUNPATH_SEARCH_PATHS = (
					"$(inherited)",
					"@executable_path/Frameworks",
				);
				PRODUCT_BUNDLE_IDENTIFIER = mm.com.padc.MovieDBMVP;
				PRODUCT_NAME = "$(TARGET_NAME)";
				SWIFT_VERSION = 5.0;
				TARGETED_DEVICE_FAMILY = "1,2";
			};
			name = Debug;
		};
		C1498EFF24D15B46005671C9 /* Release */ = {
			isa = XCBuildConfiguration;
			baseConfigurationReference = 242E5CF51978555B247101D7 /* Pods-MovieDBMVP.release.xcconfig */;
			buildSettings = {
				ASSETCATALOG_COMPILER_APPICON_NAME = AppIcon;
				CODE_SIGN_STYLE = Automatic;
				DEVELOPMENT_TEAM = 398G994Z67;
				INFOPLIST_FILE = MovieDBMVP/Info.plist;
				LD_RUNPATH_SEARCH_PATHS = (
					"$(inherited)",
					"@executable_path/Frameworks",
				);
				PRODUCT_BUNDLE_IDENTIFIER = mm.com.padc.MovieDBMVP;
				PRODUCT_NAME = "$(TARGET_NAME)";
				SWIFT_VERSION = 5.0;
				TARGETED_DEVICE_FAMILY = "1,2";
			};
			name = Release;
		};
		C1498F0124D15B46005671C9 /* Debug */ = {
			isa = XCBuildConfiguration;
			baseConfigurationReference = 59853688C4B2A3D1F97B5100 /* Pods-MovieDBMVPTests.debug.xcconfig */;
			buildSettings = {
				ALWAYS_EMBED_SWIFT_STANDARD_LIBRARIES = YES;
				BUNDLE_LOADER = "$(TEST_HOST)";
				CODE_SIGN_STYLE = Automatic;
				DEVELOPMENT_TEAM = 398G994Z67;
				INFOPLIST_FILE = MovieDBMVPTests/Info.plist;
				IPHONEOS_DEPLOYMENT_TARGET = 13.2;
				LD_RUNPATH_SEARCH_PATHS = (
					"$(inherited)",
					"@executable_path/Frameworks",
					"@loader_path/Frameworks",
				);
				PRODUCT_BUNDLE_IDENTIFIER = mm.com.padc.MovieDBMVPTests;
				PRODUCT_NAME = "$(TARGET_NAME)";
				SWIFT_VERSION = 5.0;
				TARGETED_DEVICE_FAMILY = "1,2";
				TEST_HOST = "$(BUILT_PRODUCTS_DIR)/MovieDBMVP.app/MovieDBMVP";
			};
			name = Debug;
		};
		C1498F0224D15B46005671C9 /* Release */ = {
			isa = XCBuildConfiguration;
			baseConfigurationReference = 3ECD4D886CDDD4C8CC71D8A9 /* Pods-MovieDBMVPTests.release.xcconfig */;
			buildSettings = {
				ALWAYS_EMBED_SWIFT_STANDARD_LIBRARIES = YES;
				BUNDLE_LOADER = "$(TEST_HOST)";
				CODE_SIGN_STYLE = Automatic;
				DEVELOPMENT_TEAM = 398G994Z67;
				INFOPLIST_FILE = MovieDBMVPTests/Info.plist;
				IPHONEOS_DEPLOYMENT_TARGET = 13.2;
				LD_RUNPATH_SEARCH_PATHS = (
					"$(inherited)",
					"@executable_path/Frameworks",
					"@loader_path/Frameworks",
				);
				PRODUCT_BUNDLE_IDENTIFIER = mm.com.padc.MovieDBMVPTests;
				PRODUCT_NAME = "$(TARGET_NAME)";
				SWIFT_VERSION = 5.0;
				TARGETED_DEVICE_FAMILY = "1,2";
				TEST_HOST = "$(BUILT_PRODUCTS_DIR)/MovieDBMVP.app/MovieDBMVP";
			};
			name = Release;
		};
		C1498F0424D15B46005671C9 /* Debug */ = {
			isa = XCBuildConfiguration;
			baseConfigurationReference = ECFB23F39074FB8960B08B36 /* Pods-MovieDBMVP-MovieDBMVPUITests.debug.xcconfig */;
			buildSettings = {
				ALWAYS_EMBED_SWIFT_STANDARD_LIBRARIES = YES;
				CODE_SIGN_STYLE = Automatic;
				DEVELOPMENT_TEAM = 398G994Z67;
				INFOPLIST_FILE = MovieDBMVPUITests/Info.plist;
				LD_RUNPATH_SEARCH_PATHS = (
					"$(inherited)",
					"@executable_path/Frameworks",
					"@loader_path/Frameworks",
				);
				PRODUCT_BUNDLE_IDENTIFIER = mm.com.padc.MovieDBMVPUITests;
				PRODUCT_NAME = "$(TARGET_NAME)";
				SWIFT_VERSION = 5.0;
				TARGETED_DEVICE_FAMILY = "1,2";
				TEST_TARGET_NAME = MovieDBMVP;
			};
			name = Debug;
		};
		C1498F0524D15B46005671C9 /* Release */ = {
			isa = XCBuildConfiguration;
			baseConfigurationReference = 60CE89444BD360474F661498 /* Pods-MovieDBMVP-MovieDBMVPUITests.release.xcconfig */;
			buildSettings = {
				ALWAYS_EMBED_SWIFT_STANDARD_LIBRARIES = YES;
				CODE_SIGN_STYLE = Automatic;
				DEVELOPMENT_TEAM = 398G994Z67;
				INFOPLIST_FILE = MovieDBMVPUITests/Info.plist;
				LD_RUNPATH_SEARCH_PATHS = (
					"$(inherited)",
					"@executable_path/Frameworks",
					"@loader_path/Frameworks",
				);
				PRODUCT_BUNDLE_IDENTIFIER = mm.com.padc.MovieDBMVPUITests;
				PRODUCT_NAME = "$(TARGET_NAME)";
				SWIFT_VERSION = 5.0;
				TARGETED_DEVICE_FAMILY = "1,2";
				TEST_TARGET_NAME = MovieDBMVP;
			};
			name = Release;
		};
/* End XCBuildConfiguration section */

/* Begin XCConfigurationList section */
		C1498ECE24D15B44005671C9 /* Build configuration list for PBXProject "MovieDBMVP" */ = {
			isa = XCConfigurationList;
			buildConfigurations = (
				C1498EFB24D15B46005671C9 /* Debug */,
				C1498EFC24D15B46005671C9 /* Release */,
			);
			defaultConfigurationIsVisible = 0;
			defaultConfigurationName = Release;
		};
		C1498EFD24D15B46005671C9 /* Build configuration list for PBXNativeTarget "MovieDBMVP" */ = {
			isa = XCConfigurationList;
			buildConfigurations = (
				C1498EFE24D15B46005671C9 /* Debug */,
				C1498EFF24D15B46005671C9 /* Release */,
			);
			defaultConfigurationIsVisible = 0;
			defaultConfigurationName = Release;
		};
		C1498F0024D15B46005671C9 /* Build configuration list for PBXNativeTarget "MovieDBMVPTests" */ = {
			isa = XCConfigurationList;
			buildConfigurations = (
				C1498F0124D15B46005671C9 /* Debug */,
				C1498F0224D15B46005671C9 /* Release */,
			);
			defaultConfigurationIsVisible = 0;
			defaultConfigurationName = Release;
		};
		C1498F0324D15B46005671C9 /* Build configuration list for PBXNativeTarget "MovieDBMVPUITests" */ = {
			isa = XCConfigurationList;
			buildConfigurations = (
				C1498F0424D15B46005671C9 /* Debug */,
				C1498F0524D15B46005671C9 /* Release */,
			);
			defaultConfigurationIsVisible = 0;
			defaultConfigurationName = Release;
		};
/* End XCConfigurationList section */
	};
	rootObject = C1498ECB24D15B44005671C9 /* Project object */;
}
